
Microsoft Visual Studio Solution File, Format Version 12.00
# Visual Studio 15
VisualStudioVersion = 15.0.27703.2035
MinimumVisualStudioVersion = 10.0.40219.1
Project("{FAE04EC0-301F-11D3-BF4B-00C04F79EFBC}") = "Korfbal", "Korfbal\Korfbal.csproj", "{ACE83A43-7944-48D8-B231-EDD09AD9E84C}"
EndProject
Global
	GlobalSection(SolutionConfigurationPlatforms) = preSolution
		Debug|Any CPU = Debug|Any CPU
		Release|Any CPU = Release|Any CPU
	EndGlobalSection
	GlobalSection(ProjectConfigurationPlatforms) = postSolution
		{ACE83A43-7944-48D8-B231-EDD09AD9E84C}.Debug|Any CPU.ActiveCfg = Debug|Any CPU
		{ACE83A43-7944-48D8-B231-EDD09AD9E84C}.Debug|Any CPU.Build.0 = Debug|Any CPU
		{ACE83A43-7944-48D8-B231-EDD09AD9E84C}.Release|Any CPU.ActiveCfg = Release|Any CPU
		{ACE83A43-7944-48D8-B231-EDD09AD9E84C}.Release|Any CPU.Build.0 = Release|Any CPU
	EndGlobalSection
	GlobalSection(SolutionProperties) = preSolution
		HideSolutionNode = FALSE
	EndGlobalSection
	GlobalSection(ExtensibilityGlobals) = postSolution
		SolutionGuid = {DC151E6F-2D78-4821-9A33-DE590069E09B}
	EndGlobalSection
EndGlobal
